DEPENDENCIES
  apt (~> 2.9.2)
  cron (~> 1.6.1)
  oc-opsworks-recipes
    path: .
    metadata: true
  nfs (~> 2.1.0)
  nodejs (~> 2.4.4)

GRAPH
  apt (2.9.2)
  ark (1.0.1)
    build-essential (>= 0.0.0)
    seven_zip (>= 0.0.0)
    windows (>= 0.0.0)
  build-essential (3.2.0)
    seven_zip (>= 0.0.0)
  chef_handler (1.3.0)
  cron (1.6.1)
  homebrew (2.1.0)
    build-essential (>= 2.1.2)
  line (0.6.3)
  oc-opsworks-recipes (0.1.0)
    apt (~> 2.9.2)
    cron (~> 1.6.1)
    nfs (~> 2.1.0)
    nodejs (~> 2.4.4)
  nfs (2.1.0)
    line (>= 0.0.0)
  nodejs (2.4.4)
    apt (>= 0.0.0)
    ark (>= 0.0.0)
    build-essential (>= 0.0.0)
    homebrew (>= 0.0.0)
    yum-epel (>= 0.0.0)
  seven_zip (2.0.0)
    windows (>= 1.2.2)
  windows (1.39.2)
    chef_handler (>= 0.0.0)
  yum (3.10.0)
  yum-epel (0.6.6)
    yum (~> 3.10.0)
